
Microsoft Visual Studio Solution File, Format Version 12.00
# Visual Studio 2013
VisualStudioVersion = 12.0.30501.0
MinimumVisualStudioVersion = 10.0.40219.1
Project("{2150E333-8FDC-42A3-9474-1A3956D46DE8}") = "Core Functionality", "Core Functionality", "{E34080DF-5386-4484-8BE1-25A38A47FF72}"
EndProject
Project("{2150E333-8FDC-42A3-9474-1A3956D46DE8}") = "Extensions (examples)", "Extensions (examples)", "{9A68856A-BE71-4EDB-9281-5D5331379DCA}"
EndProject
Project("{2150E333-8FDC-42A3-9474-1A3956D46DE8}") = "AcmeInc", "AcmeInc", "{7213BD80-6393-4DD3-8835-6AC37BC0F804}"
EndProject
Project("{2150E333-8FDC-42A3-9474-1A3956D46DE8}") = "WidgetInc", "WidgetInc", "{29141AFB-8FAF-4E7F-8748-EA65E5FD3F3A}"
EndProject
Project("{54435603-DBB4-11D2-8724-00A0C9A8B90C}") = "WidgetInc.Openstack.Deployment", "..\WidgetInc.Openstack.Deployment\WidgetInc.Openstack.Deployment\WidgetInc.Openstack.Deployment.vdproj", "{1896E037-7922-4FA5-8B1A-56C8841F0113}"
EndProject
Project("{54435603-DBB4-11D2-8724-00A0C9A8B90C}") = "Openstack.Client.Powershell.Deployment", "..\Openstack.Client.Powershell.Deployment\Openstack.Client.Powershell.Deployment\Openstack.Client.Powershell.Deployment.vdproj", "{ED796A88-B8B7-49FC-9B16-2FD43492DADB}"
EndProject
Project("{FAE04EC0-301F-11D3-BF4B-00C04F79EFBC}") = "Openstack.Client.Powershell", "Openstack.Client.Powershell\Openstack.Client.Powershell.csproj", "{32BAC168-2EC8-4074-9E6D-8C13460DCFAD}"
EndProject
Project("{FAE04EC0-301F-11D3-BF4B-00C04F79EFBC}") = "AcmeInc.Openstack.Client.Powershell", "AcmeInc.Openstack.Client.Powershell\AcmeInc.Openstack.Client.Powershell.csproj", "{B6C5D486-BEDE-4E4F-8035-63B72513E4BD}"
EndProject
Project("{FAE04EC0-301F-11D3-BF4B-00C04F79EFBC}") = "WidgetInc.Openstack.Client.Powershell", "WidgetInc.Openstack.Client.Powershell\WidgetInc.Openstack.Client.Powershell.csproj", "{8E2903DF-9FB6-48F8-85BF-FD2422BE38AF}"
EndProject
Project("{54435603-DBB4-11D2-8724-00A0C9A8B90C}") = "AcmeInc.Openstack.Deployment", "AcmeInc.Openstack.Deployment\AcmeInc.Openstack.Deployment\AcmeInc.Openstack.Deployment.vdproj", "{D2DB9636-72E1-47E2-98E8-E23AFD996109}"
EndProject
Global
	GlobalSection(SolutionConfigurationPlatforms) = preSolution
		Debug|Any CPU = Debug|Any CPU
		Release|Any CPU = Release|Any CPU
		TransformTool Build|Any CPU = TransformTool Build|Any CPU
	EndGlobalSection
	GlobalSection(ProjectConfigurationPlatforms) = postSolution
		{32BAC168-2EC8-4074-9E6D-8C13460DCFAD}.Debug|Any CPU.ActiveCfg = Debug|Any CPU
		{32BAC168-2EC8-4074-9E6D-8C13460DCFAD}.Debug|Any CPU.Build.0 = Debug|Any CPU
		{32BAC168-2EC8-4074-9E6D-8C13460DCFAD}.Release|Any CPU.ActiveCfg = Release|Any CPU
		{32BAC168-2EC8-4074-9E6D-8C13460DCFAD}.Release|Any CPU.Build.0 = Release|Any CPU
		{32BAC168-2EC8-4074-9E6D-8C13460DCFAD}.TransformTool Build|Any CPU.ActiveCfg = TransformTool Build|Any CPU
		{32BAC168-2EC8-4074-9E6D-8C13460DCFAD}.TransformTool Build|Any CPU.Build.0 = TransformTool Build|Any CPU
		{B6C5D486-BEDE-4E4F-8035-63B72513E4BD}.Debug|Any CPU.ActiveCfg = Debug|Any CPU
		{B6C5D486-BEDE-4E4F-8035-63B72513E4BD}.Debug|Any CPU.Build.0 = Debug|Any CPU
		{B6C5D486-BEDE-4E4F-8035-63B72513E4BD}.Release|Any CPU.ActiveCfg = Release|Any CPU
		{B6C5D486-BEDE-4E4F-8035-63B72513E4BD}.Release|Any CPU.Build.0 = Release|Any CPU
		{B6C5D486-BEDE-4E4F-8035-63B72513E4BD}.TransformTool Build|Any CPU.ActiveCfg = Release|Any CPU
		{B6C5D486-BEDE-4E4F-8035-63B72513E4BD}.TransformTool Build|Any CPU.Build.0 = Release|Any CPU
		{8E2903DF-9FB6-48F8-85BF-FD2422BE38AF}.Debug|Any CPU.ActiveCfg = Debug|Any CPU
		{8E2903DF-9FB6-48F8-85BF-FD2422BE38AF}.Debug|Any CPU.Build.0 = Debug|Any CPU
		{8E2903DF-9FB6-48F8-85BF-FD2422BE38AF}.Release|Any CPU.ActiveCfg = Release|Any CPU
		{8E2903DF-9FB6-48F8-85BF-FD2422BE38AF}.Release|Any CPU.Build.0 = Release|Any CPU
		{8E2903DF-9FB6-48F8-85BF-FD2422BE38AF}.TransformTool Build|Any CPU.ActiveCfg = Release|Any CPU
		{8E2903DF-9FB6-48F8-85BF-FD2422BE38AF}.TransformTool Build|Any CPU.Build.0 = Release|Any CPU
	EndGlobalSection
	GlobalSection(SolutionProperties) = preSolution
		HideSolutionNode = FALSE
	EndGlobalSection
	GlobalSection(NestedProjects) = preSolution
		{7213BD80-6393-4DD3-8835-6AC37BC0F804} = {9A68856A-BE71-4EDB-9281-5D5331379DCA}
		{29141AFB-8FAF-4E7F-8748-EA65E5FD3F3A} = {9A68856A-BE71-4EDB-9281-5D5331379DCA}
		{1896E037-7922-4FA5-8B1A-56C8841F0113} = {29141AFB-8FAF-4E7F-8748-EA65E5FD3F3A}
		{ED796A88-B8B7-49FC-9B16-2FD43492DADB} = {E34080DF-5386-4484-8BE1-25A38A47FF72}
		{32BAC168-2EC8-4074-9E6D-8C13460DCFAD} = {E34080DF-5386-4484-8BE1-25A38A47FF72}
		{B6C5D486-BEDE-4E4F-8035-63B72513E4BD} = {7213BD80-6393-4DD3-8835-6AC37BC0F804}
		{8E2903DF-9FB6-48F8-85BF-FD2422BE38AF} = {29141AFB-8FAF-4E7F-8748-EA65E5FD3F3A}
		{D2DB9636-72E1-47E2-98E8-E23AFD996109} = {7213BD80-6393-4DD3-8835-6AC37BC0F804}
	EndGlobalSection
EndGlobal
