
Microsoft Visual Studio Solution File, Format Version 11.00
# Visual Studio 2010
Project("{54435603-DBB4-11D2-8724-00A0C9A8B90C}") = "Openstack.Client.Powershell.Deployment", "Openstack.Client.Powershell.Deployment\Openstack.Client.Powershell.Deployment.vdproj", "{ED796A88-B8B7-49FC-9B16-2FD43492DADB}"
EndProject
Global
	GlobalSection(SolutionConfigurationPlatforms) = preSolution
		Debug|Default = Debug|Default
		Release|Default = Release|Default
	EndGlobalSection
	GlobalSection(ProjectConfigurationPlatforms) = postSolution
		{ED796A88-B8B7-49FC-9B16-2FD43492DADB}.Debug|Default.ActiveCfg = Debug
		{ED796A88-B8B7-49FC-9B16-2FD43492DADB}.Debug|Default.Build.0 = Debug
		{ED796A88-B8B7-49FC-9B16-2FD43492DADB}.Release|Default.ActiveCfg = Release
		{ED796A88-B8B7-49FC-9B16-2FD43492DADB}.Release|Default.Build.0 = Release
	EndGlobalSection
	GlobalSection(SolutionProperties) = preSolution
		HideSolutionNode = FALSE
	EndGlobalSection
EndGlobal
