
Microsoft Visual Studio Solution File, Format Version 12.00
# Visual Studio 2013
VisualStudioVersion = 12.0.30501.0
MinimumVisualStudioVersion = 10.0.40219.1
Project("{2150E333-8FDC-42A3-9474-1A3956D46DE8}") = "Solution Items", "Solution Items", "{D129B468-4E23-4226-AA0E-AE02BB697D9A}"
EndProject
Project("{FAE04EC0-301F-11D3-BF4B-00C04F79EFBC}") = "Openstack.Client.Powershell", "Openstack.Client.Powershell.csproj", "{32BAC168-2EC8-4074-9E6D-8C13460DCFAD}"
EndProject
Project("{FAE04EC0-301F-11D3-BF4B-00C04F79EFBC}") = "Openstack.Client.Common", "..\..\Common\HPCloud.Client.Common\Openstack.Client.Common.csproj", "{668A82E0-9F8A-476E-A5F7-F755B44AC4DD}"
EndProject
Project("{FAE04EC0-301F-11D3-BF4B-00C04F79EFBC}") = "Openstack.RDPClient", "..\RDPClient\Openstack.RDPClient.csproj", "{3301ACFF-3A51-458D-B4C7-37D229A86AC9}"
EndProject
Project("{FAE04EC0-301F-11D3-BF4B-00C04F79EFBC}") = "Openstack.Objects", "..\..\API\Openstack.Objects\Openstack.Objects.csproj", "{BDCDCBF5-3467-461E-8307-E1E4E19F6532}"
EndProject
Project("{FAE04EC0-301F-11D3-BF4B-00C04F79EFBC}") = "Openstack.Common", "..\..\API\Openstack.Common\Openstack.Common.csproj", "{F6AF0191-F236-4C26-8C93-30D5F4D8000F}"
EndProject
Project("{FAE04EC0-301F-11D3-BF4B-00C04F79EFBC}") = "Openstack.Objects.Test", "..\..\API\Openstack.Objects.Test\Openstack.Objects.Test.csproj", "{E90D4392-6748-4405-9F99-2D5FBB09DFC8}"
EndProject
Project("{2150E333-8FDC-42A3-9474-1A3956D46DE8}") = ".nuget", ".nuget", "{58823660-23CD-44FD-A588-2592A2932EC3}"
	ProjectSection(SolutionItems) = preProject
		.nuget\NuGet.Config = .nuget\NuGet.Config
		.nuget\NuGet.exe = .nuget\NuGet.exe
		.nuget\NuGet.targets = .nuget\NuGet.targets
	EndProjectSection
EndProject
Global
	GlobalSection(SolutionConfigurationPlatforms) = preSolution
		Debug|Any CPU = Debug|Any CPU
		Debug|Mixed Platforms = Debug|Mixed Platforms
		Debug|x86 = Debug|x86
		Release|Any CPU = Release|Any CPU
		Release|Mixed Platforms = Release|Mixed Platforms
		Release|x86 = Release|x86
		TransformTool Build|Any CPU = TransformTool Build|Any CPU
		TransformTool Build|Mixed Platforms = TransformTool Build|Mixed Platforms
		TransformTool Build|x86 = TransformTool Build|x86
	EndGlobalSection
	GlobalSection(ProjectConfigurationPlatforms) = postSolution
		{32BAC168-2EC8-4074-9E6D-8C13460DCFAD}.Debug|Any CPU.ActiveCfg = Debug|Any CPU
		{32BAC168-2EC8-4074-9E6D-8C13460DCFAD}.Debug|Any CPU.Build.0 = Debug|Any CPU
		{32BAC168-2EC8-4074-9E6D-8C13460DCFAD}.Debug|Mixed Platforms.ActiveCfg = Debug|Any CPU
		{32BAC168-2EC8-4074-9E6D-8C13460DCFAD}.Debug|Mixed Platforms.Build.0 = Debug|Any CPU
		{32BAC168-2EC8-4074-9E6D-8C13460DCFAD}.Debug|x86.ActiveCfg = Debug|Any CPU
		{32BAC168-2EC8-4074-9E6D-8C13460DCFAD}.Release|Any CPU.ActiveCfg = Release|Any CPU
		{32BAC168-2EC8-4074-9E6D-8C13460DCFAD}.Release|Any CPU.Build.0 = Release|Any CPU
		{32BAC168-2EC8-4074-9E6D-8C13460DCFAD}.Release|Mixed Platforms.ActiveCfg = Release|Any CPU
		{32BAC168-2EC8-4074-9E6D-8C13460DCFAD}.Release|Mixed Platforms.Build.0 = Release|Any CPU
		{32BAC168-2EC8-4074-9E6D-8C13460DCFAD}.Release|x86.ActiveCfg = Release|Any CPU
		{32BAC168-2EC8-4074-9E6D-8C13460DCFAD}.TransformTool Build|Any CPU.ActiveCfg = TransformTool Build|Any CPU
		{32BAC168-2EC8-4074-9E6D-8C13460DCFAD}.TransformTool Build|Any CPU.Build.0 = TransformTool Build|Any CPU
		{32BAC168-2EC8-4074-9E6D-8C13460DCFAD}.TransformTool Build|Mixed Platforms.ActiveCfg = TransformTool Build|Any CPU
		{32BAC168-2EC8-4074-9E6D-8C13460DCFAD}.TransformTool Build|Mixed Platforms.Build.0 = TransformTool Build|Any CPU
		{32BAC168-2EC8-4074-9E6D-8C13460DCFAD}.TransformTool Build|x86.ActiveCfg = TransformTool Build|Any CPU
		{668A82E0-9F8A-476E-A5F7-F755B44AC4DD}.Debug|Any CPU.ActiveCfg = Debug|Any CPU
		{668A82E0-9F8A-476E-A5F7-F755B44AC4DD}.Debug|Any CPU.Build.0 = Debug|Any CPU
		{668A82E0-9F8A-476E-A5F7-F755B44AC4DD}.Debug|Mixed Platforms.ActiveCfg = Debug|Any CPU
		{668A82E0-9F8A-476E-A5F7-F755B44AC4DD}.Debug|Mixed Platforms.Build.0 = Debug|Any CPU
		{668A82E0-9F8A-476E-A5F7-F755B44AC4DD}.Debug|x86.ActiveCfg = Debug|Any CPU
		{668A82E0-9F8A-476E-A5F7-F755B44AC4DD}.Release|Any CPU.ActiveCfg = Release|Any CPU
		{668A82E0-9F8A-476E-A5F7-F755B44AC4DD}.Release|Any CPU.Build.0 = Release|Any CPU
		{668A82E0-9F8A-476E-A5F7-F755B44AC4DD}.Release|Mixed Platforms.ActiveCfg = Release|Any CPU
		{668A82E0-9F8A-476E-A5F7-F755B44AC4DD}.Release|Mixed Platforms.Build.0 = Release|Any CPU
		{668A82E0-9F8A-476E-A5F7-F755B44AC4DD}.Release|x86.ActiveCfg = Release|Any CPU
		{668A82E0-9F8A-476E-A5F7-F755B44AC4DD}.TransformTool Build|Any CPU.ActiveCfg = Release|Any CPU
		{668A82E0-9F8A-476E-A5F7-F755B44AC4DD}.TransformTool Build|Any CPU.Build.0 = Release|Any CPU
		{668A82E0-9F8A-476E-A5F7-F755B44AC4DD}.TransformTool Build|Mixed Platforms.ActiveCfg = Release|Any CPU
		{668A82E0-9F8A-476E-A5F7-F755B44AC4DD}.TransformTool Build|Mixed Platforms.Build.0 = Release|Any CPU
		{668A82E0-9F8A-476E-A5F7-F755B44AC4DD}.TransformTool Build|x86.ActiveCfg = Release|Any CPU
		{3301ACFF-3A51-458D-B4C7-37D229A86AC9}.Debug|Any CPU.ActiveCfg = Debug|x86
		{3301ACFF-3A51-458D-B4C7-37D229A86AC9}.Debug|Mixed Platforms.ActiveCfg = Debug|x86
		{3301ACFF-3A51-458D-B4C7-37D229A86AC9}.Debug|Mixed Platforms.Build.0 = Debug|x86
		{3301ACFF-3A51-458D-B4C7-37D229A86AC9}.Debug|x86.ActiveCfg = Debug|x86
		{3301ACFF-3A51-458D-B4C7-37D229A86AC9}.Debug|x86.Build.0 = Debug|x86
		{3301ACFF-3A51-458D-B4C7-37D229A86AC9}.Release|Any CPU.ActiveCfg = Release|x86
		{3301ACFF-3A51-458D-B4C7-37D229A86AC9}.Release|Mixed Platforms.ActiveCfg = Release|x86
		{3301ACFF-3A51-458D-B4C7-37D229A86AC9}.Release|Mixed Platforms.Build.0 = Release|x86
		{3301ACFF-3A51-458D-B4C7-37D229A86AC9}.Release|x86.ActiveCfg = Release|x86
		{3301ACFF-3A51-458D-B4C7-37D229A86AC9}.Release|x86.Build.0 = Release|x86
		{3301ACFF-3A51-458D-B4C7-37D229A86AC9}.TransformTool Build|Any CPU.ActiveCfg = Release|x86
		{3301ACFF-3A51-458D-B4C7-37D229A86AC9}.TransformTool Build|Mixed Platforms.ActiveCfg = Release|x86
		{3301ACFF-3A51-458D-B4C7-37D229A86AC9}.TransformTool Build|Mixed Platforms.Build.0 = Release|x86
		{3301ACFF-3A51-458D-B4C7-37D229A86AC9}.TransformTool Build|x86.ActiveCfg = Release|x86
		{3301ACFF-3A51-458D-B4C7-37D229A86AC9}.TransformTool Build|x86.Build.0 = Release|x86
		{BDCDCBF5-3467-461E-8307-E1E4E19F6532}.Debug|Any CPU.ActiveCfg = Debug|Any CPU
		{BDCDCBF5-3467-461E-8307-E1E4E19F6532}.Debug|Any CPU.Build.0 = Debug|Any CPU
		{BDCDCBF5-3467-461E-8307-E1E4E19F6532}.Debug|Mixed Platforms.ActiveCfg = Debug|Any CPU
		{BDCDCBF5-3467-461E-8307-E1E4E19F6532}.Debug|Mixed Platforms.Build.0 = Debug|Any CPU
		{BDCDCBF5-3467-461E-8307-E1E4E19F6532}.Debug|x86.ActiveCfg = Debug|Any CPU
		{BDCDCBF5-3467-461E-8307-E1E4E19F6532}.Release|Any CPU.ActiveCfg = Release|Any CPU
		{BDCDCBF5-3467-461E-8307-E1E4E19F6532}.Release|Any CPU.Build.0 = Release|Any CPU
		{BDCDCBF5-3467-461E-8307-E1E4E19F6532}.Release|Mixed Platforms.ActiveCfg = Release|Any CPU
		{BDCDCBF5-3467-461E-8307-E1E4E19F6532}.Release|Mixed Platforms.Build.0 = Release|Any CPU
		{BDCDCBF5-3467-461E-8307-E1E4E19F6532}.Release|x86.ActiveCfg = Release|Any CPU
		{BDCDCBF5-3467-461E-8307-E1E4E19F6532}.TransformTool Build|Any CPU.ActiveCfg = Release|Any CPU
		{BDCDCBF5-3467-461E-8307-E1E4E19F6532}.TransformTool Build|Any CPU.Build.0 = Release|Any CPU
		{BDCDCBF5-3467-461E-8307-E1E4E19F6532}.TransformTool Build|Mixed Platforms.ActiveCfg = Release|Any CPU
		{BDCDCBF5-3467-461E-8307-E1E4E19F6532}.TransformTool Build|Mixed Platforms.Build.0 = Release|Any CPU
		{BDCDCBF5-3467-461E-8307-E1E4E19F6532}.TransformTool Build|x86.ActiveCfg = Release|Any CPU
		{F6AF0191-F236-4C26-8C93-30D5F4D8000F}.Debug|Any CPU.ActiveCfg = Debug|Any CPU
		{F6AF0191-F236-4C26-8C93-30D5F4D8000F}.Debug|Any CPU.Build.0 = Debug|Any CPU
		{F6AF0191-F236-4C26-8C93-30D5F4D8000F}.Debug|Mixed Platforms.ActiveCfg = Debug|Any CPU
		{F6AF0191-F236-4C26-8C93-30D5F4D8000F}.Debug|Mixed Platforms.Build.0 = Debug|Any CPU
		{F6AF0191-F236-4C26-8C93-30D5F4D8000F}.Debug|x86.ActiveCfg = Debug|Any CPU
		{F6AF0191-F236-4C26-8C93-30D5F4D8000F}.Release|Any CPU.ActiveCfg = Release|Any CPU
		{F6AF0191-F236-4C26-8C93-30D5F4D8000F}.Release|Any CPU.Build.0 = Release|Any CPU
		{F6AF0191-F236-4C26-8C93-30D5F4D8000F}.Release|Mixed Platforms.ActiveCfg = Release|Any CPU
		{F6AF0191-F236-4C26-8C93-30D5F4D8000F}.Release|Mixed Platforms.Build.0 = Release|Any CPU
		{F6AF0191-F236-4C26-8C93-30D5F4D8000F}.Release|x86.ActiveCfg = Release|Any CPU
		{F6AF0191-F236-4C26-8C93-30D5F4D8000F}.TransformTool Build|Any CPU.ActiveCfg = Release|Any CPU
		{F6AF0191-F236-4C26-8C93-30D5F4D8000F}.TransformTool Build|Any CPU.Build.0 = Release|Any CPU
		{F6AF0191-F236-4C26-8C93-30D5F4D8000F}.TransformTool Build|Mixed Platforms.ActiveCfg = Release|Any CPU
		{F6AF0191-F236-4C26-8C93-30D5F4D8000F}.TransformTool Build|Mixed Platforms.Build.0 = Release|Any CPU
		{F6AF0191-F236-4C26-8C93-30D5F4D8000F}.TransformTool Build|x86.ActiveCfg = Release|Any CPU
		{E90D4392-6748-4405-9F99-2D5FBB09DFC8}.Debug|Any CPU.ActiveCfg = Debug|Any CPU
		{E90D4392-6748-4405-9F99-2D5FBB09DFC8}.Debug|Any CPU.Build.0 = Debug|Any CPU
		{E90D4392-6748-4405-9F99-2D5FBB09DFC8}.Debug|Mixed Platforms.ActiveCfg = Debug|Any CPU
		{E90D4392-6748-4405-9F99-2D5FBB09DFC8}.Debug|Mixed Platforms.Build.0 = Debug|Any CPU
		{E90D4392-6748-4405-9F99-2D5FBB09DFC8}.Debug|x86.ActiveCfg = Debug|Any CPU
		{E90D4392-6748-4405-9F99-2D5FBB09DFC8}.Release|Any CPU.ActiveCfg = Release|Any CPU
		{E90D4392-6748-4405-9F99-2D5FBB09DFC8}.Release|Any CPU.Build.0 = Release|Any CPU
		{E90D4392-6748-4405-9F99-2D5FBB09DFC8}.Release|Mixed Platforms.ActiveCfg = Release|Any CPU
		{E90D4392-6748-4405-9F99-2D5FBB09DFC8}.Release|Mixed Platforms.Build.0 = Release|Any CPU
		{E90D4392-6748-4405-9F99-2D5FBB09DFC8}.Release|x86.ActiveCfg = Release|Any CPU
		{E90D4392-6748-4405-9F99-2D5FBB09DFC8}.TransformTool Build|Any CPU.ActiveCfg = Release|Any CPU
		{E90D4392-6748-4405-9F99-2D5FBB09DFC8}.TransformTool Build|Any CPU.Build.0 = Release|Any CPU
		{E90D4392-6748-4405-9F99-2D5FBB09DFC8}.TransformTool Build|Mixed Platforms.ActiveCfg = Release|Any CPU
		{E90D4392-6748-4405-9F99-2D5FBB09DFC8}.TransformTool Build|Mixed Platforms.Build.0 = Release|Any CPU
		{E90D4392-6748-4405-9F99-2D5FBB09DFC8}.TransformTool Build|x86.ActiveCfg = Release|Any CPU
	EndGlobalSection
	GlobalSection(SolutionProperties) = preSolution
		HideSolutionNode = FALSE
	EndGlobalSection
	GlobalSection(TestCaseManagementSettings) = postSolution
		CategoryFile = HPCloud.Client.Powershell.vsmdi
	EndGlobalSection
EndGlobal
